<?xml version="1.0" encoding="utf-8"?>
<Project ToolsVersion="4.0" xmlns="http://schemas.microsoft.com/developer/msbuild/2003">
  <ItemGroup>
    <Filter Include="Source Files">
      <UniqueIdentifier>{4FC737F1-C7A5-4376-A066-2A32D752A2FF}</UniqueIdentifier>
      <Extensions>cpp;c;cc;cxx;c++;cppm;ixx;def;odl;idl;hpj;bat;asm;asmx</Extensions>
    </Filter>
    <Filter Include="Header Files">
      <UniqueIdentifier>{93995380-89BD-4b04-88EB-625FBE52EBFB}</UniqueIdentifier>
      <Extensions>h;hh;hpp;hxx;h++;hm;inl;inc;ipp;xsd</Extensions>
    </Filter>
    <Filter Include="Resource Files">
      <UniqueIdentifier>{67DA6AB6-F800-4c08-8B7A-83BB121AAD01}</UniqueIdentifier>
      <Extensions>rc;ico;cur;bmp;dlg;rc2;rct;bin;rgs;gif;jpg;jpeg;jpe;resx;tiff;tif;png;wav;mfcribbon-ms</Extensions>
    </Filter>
    <Filter Include="Header Files\_def">
      <UniqueIdentifier>{2c62ed5b-fc47-439a-8de2-9242affeccd9}</UniqueIdentifier>
    </Filter>
    <Filter Include="Header Files\trickbag">
      <UniqueIdentifier>{ed598b25-6beb-4548-be2c-7579a94863a0}</UniqueIdentifier>
    </Filter>
    <Filter Include="Source Files\trickbag">
      <UniqueIdentifier>{c0a66be8-a8b0-4b4c-87d4-0dc013aaab6b}</UniqueIdentifier>
    </Filter>
  </ItemGroup>
  <ItemGroup>
    <ClCompile Include="fauna.cpp">
      <Filter>Source Files</Filter>
    </ClCompile>
    <ClCompile Include="tb_string.cpp">
      <Filter>Source Files\trickbag</Filter>
    </ClCompile>
  </ItemGroup>
  <ItemGroup>
    <ClInclude Include="fauna.h">
      <Filter>Header Files</Filter>
    </ClInclude>
    <ClInclude Include="typedefFauna.h">
      <Filter>Header Files\_def</Filter>
    </ClInclude>
    <ClInclude Include="tb_string.h">
      <Filter>Header Files\trickbag</Filter>
    </ClInclude>
  </ItemGroup>
  <ItemGroup>
    <None Include="enumFauna.h">
      <Filter>Header Files\_def</Filter>
    </None>
  </ItemGroup>
</Project>